
Microsoft Visual Studio Solution File, Format Version 12.00
# Visual Studio 15
VisualStudioVersion = 15.0.27428.2043
MinimumVisualStudioVersion = 10.0.40219.1
Project("{FAE04EC0-301F-11D3-BF4B-00C04F79EFBC}") = "ClientRunner", "ClientRunner\ClientRunner.csproj", "{AEA79A1E-C23A-44B6-90C1-CDF6FF52C548}"
EndProject
Global
	GlobalSection(SolutionConfigurationPlatforms) = preSolution
		Debug|Any CPU = Debug|Any CPU
		Release|Any CPU = Release|Any CPU
	EndGlobalSection
	GlobalSection(ProjectConfigurationPlatforms) = postSolution
		{AEA79A1E-C23A-44B6-90C1-CDF6FF52C548}.Debug|Any CPU.ActiveCfg = Debug|Any CPU
		{AEA79A1E-C23A-44B6-90C1-CDF6FF52C548}.Debug|Any CPU.Build.0 = Debug|Any CPU
		{AEA79A1E-C23A-44B6-90C1-CDF6FF52C548}.Release|Any CPU.ActiveCfg = Release|Any CPU
		{AEA79A1E-C23A-44B6-90C1-CDF6FF52C548}.Release|Any CPU.Build.0 = Release|Any CPU
	EndGlobalSection
	GlobalSection(SolutionProperties) = preSolution
		HideSolutionNode = FALSE
	EndGlobalSection
	GlobalSection(ExtensibilityGlobals) = postSolution
		SolutionGuid = {82324AF2-31DC-41A3-9A0D-B5937C32AF54}
	EndGlobalSection
EndGlobal
